
Microsoft Visual Studio Solution File, Format Version 12.00
# Visual Studio Version 16
VisualStudioVersion = 16.0.30128.74
MinimumVisualStudioVersion = 10.0.40219.1
Project("{FAE04EC0-301F-11D3-BF4B-00C04F79EFBC}") = "client_management_system", "client_management_system\client_management_system.csproj", "{611F6EBF-FEED-457B-8DAA-2633DB607987}"
EndProject
Global
	GlobalSection(SolutionConfigurationPlatforms) = preSolution
		Debug|Any CPU = Debug|Any CPU
		Release|Any CPU = Release|Any CPU
	EndGlobalSection
	GlobalSection(ProjectConfigurationPlatforms) = postSolution
		{611F6EBF-FEED-457B-8DAA-2633DB607987}.Debug|Any CPU.ActiveCfg = Debug|Any CPU
		{611F6EBF-FEED-457B-8DAA-2633DB607987}.Debug|Any CPU.Build.0 = Debug|Any CPU
		{611F6EBF-FEED-457B-8DAA-2633DB607987}.Release|Any CPU.ActiveCfg = Release|Any CPU
		{611F6EBF-FEED-457B-8DAA-2633DB607987}.Release|Any CPU.Build.0 = Release|Any CPU
	EndGlobalSection
	GlobalSection(SolutionProperties) = preSolution
		HideSolutionNode = FALSE
	EndGlobalSection
	GlobalSection(ExtensibilityGlobals) = postSolution
		SolutionGuid = {D9C0B6A9-9F4B-4CAF-9AC6-7903D669E91B}
	EndGlobalSection
EndGlobal
